
Microsoft Visual Studio Solution File, Format Version 12.00
# Visual Studio Version 17
VisualStudioVersion = 17.10.34916.146
MinimumVisualStudioVersion = 10.0.40219.1
Project("{FAE04EC0-301F-11D3-BF4B-00C04F79EFBC}") = "CitySights.API", "CitySights.API\CitySights.API.csproj", "{D350FD14-1579-42A1-88E7-5E683ED3E59A}"
EndProject
Project("{FAE04EC0-301F-11D3-BF4B-00C04F79EFBC}") = "CitySights.Core", "CitySights.Core\CitySights.Core.csproj", "{4A796F8D-BCC2-4CAA-A224-39B9D6D1D430}"
EndProject
Project("{FAE04EC0-301F-11D3-BF4B-00C04F79EFBC}") = "CitySights.DataAccess", "CitySights.DataAccess\CitySights.DataAccess.csproj", "{681B8B47-D85F-4F93-9F6A-E1E87DD21F86}"
EndProject
Project("{FAE04EC0-301F-11D3-BF4B-00C04F79EFBC}") = "CitySights.Application", "CitySights.Application\CitySights.Application.csproj", "{CBC432A3-616B-4B28-88A4-8AB979558FD1}"
EndProject
Global
	GlobalSection(SolutionConfigurationPlatforms) = preSolution
		Debug|Any CPU = Debug|Any CPU
		Release|Any CPU = Release|Any CPU
	EndGlobalSection
	GlobalSection(ProjectConfigurationPlatforms) = postSolution
		{D350FD14-1579-42A1-88E7-5E683ED3E59A}.Debug|Any CPU.ActiveCfg = Debug|Any CPU
		{D350FD14-1579-42A1-88E7-5E683ED3E59A}.Debug|Any CPU.Build.0 = Debug|Any CPU
		{D350FD14-1579-42A1-88E7-5E683ED3E59A}.Release|Any CPU.ActiveCfg = Release|Any CPU
		{D350FD14-1579-42A1-88E7-5E683ED3E59A}.Release|Any CPU.Build.0 = Release|Any CPU
		{4A796F8D-BCC2-4CAA-A224-39B9D6D1D430}.Debug|Any CPU.ActiveCfg = Debug|Any CPU
		{4A796F8D-BCC2-4CAA-A224-39B9D6D1D430}.Debug|Any CPU.Build.0 = Debug|Any CPU
		{4A796F8D-BCC2-4CAA-A224-39B9D6D1D430}.Release|Any CPU.ActiveCfg = Release|Any CPU
		{4A796F8D-BCC2-4CAA-A224-39B9D6D1D430}.Release|Any CPU.Build.0 = Release|Any CPU
		{681B8B47-D85F-4F93-9F6A-E1E87DD21F86}.Debug|Any CPU.ActiveCfg = Debug|Any CPU
		{681B8B47-D85F-4F93-9F6A-E1E87DD21F86}.Debug|Any CPU.Build.0 = Debug|Any CPU
		{681B8B47-D85F-4F93-9F6A-E1E87DD21F86}.Release|Any CPU.ActiveCfg = Release|Any CPU
		{681B8B47-D85F-4F93-9F6A-E1E87DD21F86}.Release|Any CPU.Build.0 = Release|Any CPU
		{CBC432A3-616B-4B28-88A4-8AB979558FD1}.Debug|Any CPU.ActiveCfg = Debug|Any CPU
		{CBC432A3-616B-4B28-88A4-8AB979558FD1}.Debug|Any CPU.Build.0 = Debug|Any CPU
		{CBC432A3-616B-4B28-88A4-8AB979558FD1}.Release|Any CPU.ActiveCfg = Release|Any CPU
		{CBC432A3-616B-4B28-88A4-8AB979558FD1}.Release|Any CPU.Build.0 = Release|Any CPU
	EndGlobalSection
	GlobalSection(SolutionProperties) = preSolution
		HideSolutionNode = FALSE
	EndGlobalSection
	GlobalSection(ExtensibilityGlobals) = postSolution
		SolutionGuid = {C05DE862-9244-4409-A730-6557A275704F}
	EndGlobalSection
EndGlobal
